
Microsoft Visual Studio Solution File, Format Version 12.00
# Visual Studio Version 16
VisualStudioVersion = 16.0.30907.101
MinimumVisualStudioVersion = 10.0.40219.1
Project("{8BC9CEB8-8B4A-11D0-8D11-00A0C91BC942}") = "opencvtest", "opencvtest.vcxproj", "{9996FA5F-1845-49E4-AF33-5918BAE28855}"
EndProject
Global
	GlobalSection(SolutionConfigurationPlatforms) = preSolution
		Debug|x64 = Debug|x64
		Debug|x86 = Debug|x86
		Release|x64 = Release|x64
		Release|x86 = Release|x86
	EndGlobalSection
	GlobalSection(ProjectConfigurationPlatforms) = postSolution
		{9996FA5F-1845-49E4-AF33-5918BAE28855}.Debug|x64.ActiveCfg = Debug|x64
		{9996FA5F-1845-49E4-AF33-5918BAE28855}.Debug|x64.Build.0 = Debug|x64
		{9996FA5F-1845-49E4-AF33-5918BAE28855}.Debug|x86.ActiveCfg = Debug|Win32
		{9996FA5F-1845-49E4-AF33-5918BAE28855}.Debug|x86.Build.0 = Debug|Win32
		{9996FA5F-1845-49E4-AF33-5918BAE28855}.Release|x64.ActiveCfg = Release|x64
		{9996FA5F-1845-49E4-AF33-5918BAE28855}.Release|x64.Build.0 = Release|x64
		{9996FA5F-1845-49E4-AF33-5918BAE28855}.Release|x86.ActiveCfg = Release|Win32
		{9996FA5F-1845-49E4-AF33-5918BAE28855}.Release|x86.Build.0 = Release|Win32
	EndGlobalSection
	GlobalSection(SolutionProperties) = preSolution
		HideSolutionNode = FALSE
	EndGlobalSection
	GlobalSection(ExtensibilityGlobals) = postSolution
		SolutionGuid = {276CDE62-3F04-4620-9124-C0C5A47F0869}
	EndGlobalSection
EndGlobal
